// !$*UTF8*$!
{
	archiveVersion = 1;
	classes = {
	};
	objectVersion = 50;
	objects = {

/* Begin PBXBuildFile section */
		F22F5DB226937F9800991DB6 /* TaskRepository.swift in Sources */ = {isa = PBXBuildFile; fileRef = F22F5DB126937F9800991DB6 /* TaskRepository.swift */; };
		F27ACDBD269242E500AC0670 /* Task.swift in Sources */ = {isa = PBXBuildFile; fileRef = F27ACDBC269242E500AC0670 /* Task.swift */; };
		F27ACDBF269244EB00AC0670 /* Category.swift in Sources */ = {isa = PBXBuildFile; fileRef = F27ACDBE269244EB00AC0670 /* Category.swift */; };
		F2ACB1EA26924E0B00157BE8 /* TasksTableViewCell.swift in Sources */ = {isa = PBXBuildFile; fileRef = F2ACB1E926924E0B00157BE8 /* TasksTableViewCell.swift */; };
		F2ACB1EE26926AC500157BE8 /* CreateTasksTableViewController.swift in Sources */ = {isa = PBXBuildFile; fileRef = F2ACB1ED26926AC500157BE8 /* CreateTasksTableViewController.swift */; };
		F2ACB1F026926D2000157BE8 /* TaskDescriptionTableViewCell.swift in Sources */ = {isa = PBXBuildFile; fileRef = F2ACB1EF26926D2000157BE8 /* TaskDescriptionTableViewCell.swift */; };
		F2ACB1F226926D4D00157BE8 /* DateTimeTableViewCell.swift in Sources */ = {isa = PBXBuildFile; fileRef = F2ACB1F126926D4D00157BE8 /* DateTimeTableViewCell.swift */; };
		F2D0C00526915834006B768F /* AppDelegate.swift in Sources */ = {isa = PBXBuildFile; fileRef = F2D0C00426915834006B768F /* AppDelegate.swift */; };
		F2D0C00726915834006B768F /* SceneDelegate.swift in Sources */ = {isa = PBXBuildFile; fileRef = F2D0C00626915834006B768F /* SceneDelegate.swift */; };
		F2D0C00C26915834006B768F /* Main.storyboard in Resources */ = {isa = PBXBuildFile; fileRef = F2D0C00A26915834006B768F /* Main.storyboard */; };
		F2D0C00F26915834006B768F /* InnovationAgenda.xcdatamodeld in Sources */ = {isa = PBXBuildFile; fileRef = F2D0C00D26915834006B768F /* InnovationAgenda.xcdatamodeld */; };
		F2D0C0112691583C006B768F /* Assets.xcassets in Resources */ = {isa = PBXBuildFile; fileRef = F2D0C0102691583C006B768F /* Assets.xcassets */; };
		F2D0C0142691583C006B768F /* LaunchScreen.storyboard in Resources */ = {isa = PBXBuildFile; fileRef = F2D0C0122691583C006B768F /* LaunchScreen.storyboard */; };
		F2D0C01F26915A04006B768F /* TasksTableViewController.swift in Sources */ = {isa = PBXBuildFile; fileRef = F2D0C01E26915A04006B768F /* TasksTableViewController.swift */; };
		F2FA7413269333E300EFFA65 /* CategoriesTableViewController.swift in Sources */ = {isa = PBXBuildFile; fileRef = F2FA7412269333E300EFFA65 /* CategoriesTableViewController.swift */; };
		F2FA74162693350D00EFFA65 /* CategoryRepository.swift in Sources */ = {isa = PBXBuildFile; fileRef = F2FA74152693350D00EFFA65 /* CategoryRepository.swift */; };
/* End PBXBuildFile section */

/* Begin PBXFileReference section */
		F22F5DB126937F9800991DB6 /* TaskRepository.swift */ = {isa = PBXFileReference; lastKnownFileType = sourcecode.swift; path = TaskRepository.swift; sourceTree = "<group>"; };
		F27ACDBC269242E500AC0670 /* Task.swift */ = {isa = PBXFileReference; lastKnownFileType = sourcecode.swift; path = Task.swift; sourceTree = "<group>"; };
		F27ACDBE269244EB00AC0670 /* Category.swift */ = {isa = PBXFileReference; lastKnownFileType = sourcecode.swift; path = Category.swift; sourceTree = "<group>"; };
		F2ACB1E926924E0B00157BE8 /* TasksTableViewCell.swift */ = {isa = PBXFileReference; lastKnownFileType = sourcecode.swift; path = TasksTableViewCell.swift; sourceTree = "<group>"; };
		F2ACB1ED26926AC500157BE8 /* CreateTasksTableViewController.swift */ = {isa = PBXFileReference; lastKnownFileType = sourcecode.swift; path = CreateTasksTableViewController.swift; sourceTree = "<group>"; };
		F2ACB1EF26926D2000157BE8 /* TaskDescriptionTableViewCell.swift */ = {isa = PBXFileReference; lastKnownFileType = sourcecode.swift; path = TaskDescriptionTableViewCell.swift; sourceTree = "<group>"; };
		F2ACB1F126926D4D00157BE8 /* DateTimeTableViewCell.swift */ = {isa = PBXFileReference; lastKnownFileType = sourcecode.swift; path = DateTimeTableViewCell.swift; sourceTree = "<group>"; };
		F2D0C00126915834006B768F /* InnovationAgenda.app */ = {isa = PBXFileReference; explicitFileType = wrapper.application; includeInIndex = 0; path = InnovationAgenda.app; sourceTree = BUILT_PRODUCTS_DIR; };
		F2D0C00426915834006B768F /* AppDelegate.swift */ = {isa = PBXFileReference; lastKnownFileType = sourcecode.swift; path = AppDelegate.swift; sourceTree = "<group>"; };
		F2D0C00626915834006B768F /* SceneDelegate.swift */ = {isa = PBXFileReference; lastKnownFileType = sourcecode.swift; path = SceneDelegate.swift; sourceTree = "<group>"; };
		F2D0C00B26915834006B768F /* Base */ = {isa = PBXFileReference; lastKnownFileType = file.storyboard; name = Base; path = Base.lproj/Main.storyboard; sourceTree = "<group>"; };
		F2D0C00E26915834006B768F /* InnovationAgenda.xcdatamodel */ = {isa = PBXFileReference; lastKnownFileType = wrapper.xcdatamodel; path = InnovationAgenda.xcdatamodel; sourceTree = "<group>"; };
		F2D0C0102691583C006B768F /* Assets.xcassets */ = {isa = PBXFileReference; lastKnownFileType = folder.assetcatalog; path = Assets.xcassets; sourceTree = "<group>"; };
		F2D0C0132691583C006B768F /* Base */ = {isa = PBXFileReference; lastKnownFileType = file.storyboard; name = Base; path = Base.lproj/LaunchScreen.storyboard; sourceTree = "<group>"; };
		F2D0C0152691583C006B768F /* Info.plist */ = {isa = PBXFileReference; lastKnownFileType = text.plist.xml; path = Info.plist; sourceTree = "<group>"; };
		F2D0C01E26915A04006B768F /* TasksTableViewController.swift */ = {isa = PBXFileReference; lastKnownFileType = sourcecode.swift; path = TasksTableViewController.swift; sourceTree = "<group>"; };
		F2FA7412269333E300EFFA65 /* CategoriesTableViewController.swift */ = {isa = PBXFileReference; lastKnownFileType = sourcecode.swift; path = CategoriesTableViewController.swift; sourceTree = "<group>"; };
		F2FA74152693350D00EFFA65 /* CategoryRepository.swift */ = {isa = PBXFileReference; lastKnownFileType = sourcecode.swift; path = CategoryRepository.swift; sourceTree = "<group>"; };
/* End PBXFileReference section */

/* Begin PBXFrameworksBuildPhase section */
		F2D0BFFE26915834006B768F /* Frameworks */ = {
			isa = PBXFrameworksBuildPhase;
			buildActionMask = 2147483647;
			files = (
			);
			runOnlyForDeploymentPostprocessing = 0;
		};
/* End PBXFrameworksBuildPhase section */

/* Begin PBXGroup section */
		F27ACDBB2692425500AC0670 /* Models */ = {
			isa = PBXGroup;
			children = (
				F27ACDBC269242E500AC0670 /* Task.swift */,
				F27ACDBE269244EB00AC0670 /* Category.swift */,
			);
			path = Models;
			sourceTree = "<group>";
		};
		F2ACB1E826924DDA00157BE8 /* Cells */ = {
			isa = PBXGroup;
			children = (
				F2ACB1E926924E0B00157BE8 /* TasksTableViewCell.swift */,
				F2ACB1EF26926D2000157BE8 /* TaskDescriptionTableViewCell.swift */,
				F2ACB1F126926D4D00157BE8 /* DateTimeTableViewCell.swift */,
			);
			path = Cells;
			sourceTree = "<group>";
		};
		F2D0BFF826915834006B768F = {
			isa = PBXGroup;
			children = (
				F2D0C00326915834006B768F /* InnovationAgenda */,
				F2D0C00226915834006B768F /* Products */,
			);
			sourceTree = "<group>";
		};
		F2D0C00226915834006B768F /* Products */ = {
			isa = PBXGroup;
			children = (
				F2D0C00126915834006B768F /* InnovationAgenda.app */,
			);
			name = Products;
			sourceTree = "<group>";
		};
		F2D0C00326915834006B768F /* InnovationAgenda */ = {
			isa = PBXGroup;
			children = (
				F2FA7414269334DD00EFFA65 /* Repositories */,
				F27ACDBB2692425500AC0670 /* Models */,
				F2D0C01B26915990006B768F /* Controllers */,
				F2D0C00426915834006B768F /* AppDelegate.swift */,
				F2D0C00626915834006B768F /* SceneDelegate.swift */,
				F2D0C00A26915834006B768F /* Main.storyboard */,
				F2D0C0102691583C006B768F /* Assets.xcassets */,
				F2D0C0122691583C006B768F /* LaunchScreen.storyboard */,
				F2D0C0152691583C006B768F /* Info.plist */,
				F2D0C00D26915834006B768F /* InnovationAgenda.xcdatamodeld */,
			);
			path = InnovationAgenda;
			sourceTree = "<group>";
		};
		F2D0C01B26915990006B768F /* Controllers */ = {
			isa = PBXGroup;
			children = (
				F2ACB1E826924DDA00157BE8 /* Cells */,
				F2D0C01E26915A04006B768F /* TasksTableViewController.swift */,
				F2ACB1ED26926AC500157BE8 /* CreateTasksTableViewController.swift */,
				F2FA7412269333E300EFFA65 /* CategoriesTableViewController.swift */,
			);
			path = Controllers;
			sourceTree = "<group>";
		};
		F2FA7414269334DD00EFFA65 /* Repositories */ = {
			isa = PBXGroup;
			children = (
				F2FA74152693350D00EFFA65 /* CategoryRepository.swift */,
				F22F5DB126937F9800991DB6 /* TaskRepository.swift */,
			);
			path = Repositories;
			sourceTree = "<group>";
		};
/* End PBXGroup section */

/* Begin PBXNativeTarget section */
		F2D0C00026915834006B768F /* InnovationAgenda */ = {
			isa = PBXNativeTarget;
			buildConfigurationList = F2D0C0182691583C006B768F /* Build configuration list for PBXNativeTarget "InnovationAgenda" */;
			buildPhases = (
				F2D0BFFD26915834006B768F /* Sources */,
				F2D0BFFE26915834006B768F /* Frameworks */,
				F2D0BFFF26915834006B768F /* Resources */,
			);
			buildRules = (
			);
			dependencies = (
			);
			name = InnovationAgenda;
			productName = InnovationAgenda;
			productReference = F2D0C00126915834006B768F /* InnovationAgenda.app */;
			productType = "com.apple.product-type.application";
		};
/* End PBXNativeTarget section */

/* Begin PBXProject section */
		F2D0BFF926915834006B768F /* Project object */ = {
			isa = PBXProject;
			attributes = {
				LastSwiftUpdateCheck = 1250;
				LastUpgradeCheck = 1250;
				TargetAttributes = {
					F2D0C00026915834006B768F = {
						CreatedOnToolsVersion = 12.5.1;
					};
				};
			};
			buildConfigurationList = F2D0BFFC26915834006B768F /* Build configuration list for PBXProject "InnovationAgenda" */;
			compatibilityVersion = "Xcode 9.3";
			developmentRegion = en;
			hasScannedForEncodings = 0;
			knownRegions = (
				en,
				Base,
			);
			mainGroup = F2D0BFF826915834006B768F;
			productRefGroup = F2D0C00226915834006B768F /* Products */;
			projectDirPath = "";
			projectRoot = "";
			targets = (
				F2D0C00026915834006B768F /* InnovationAgenda */,
			);
		};
/* End PBXProject section */

/* Begin PBXResourcesBuildPhase section */
		F2D0BFFF26915834006B768F /* Resources */ = {
			isa = PBXResourcesBuildPhase;
			buildActionMask = 2147483647;
			files = (
				F2D0C0142691583C006B768F /* LaunchScreen.storyboard in Resources */,
				F2D0C0112691583C006B768F /* Assets.xcassets in Resources */,
				F2D0C00C26915834006B768F /* Main.storyboard in Resources */,
			);
			runOnlyForDeploymentPostprocessing = 0;
		};
/* End PBXResourcesBuildPhase section */

/* Begin PBXSourcesBuildPhase section */
		F2D0BFFD26915834006B768F /* Sources */ = {
			isa = PBXSourcesBuildPhase;
			buildActionMask = 2147483647;
			files = (
				F2ACB1F026926D2000157BE8 /* TaskDescriptionTableViewCell.swift in Sources */,
				F2ACB1EE26926AC500157BE8 /* CreateTasksTableViewController.swift in Sources */,
				F2D0C00526915834006B768F /* AppDelegate.swift in Sources */,
				F2D0C00F26915834006B768F /* InnovationAgenda.xcdatamodeld in Sources */,
				F2ACB1F226926D4D00157BE8 /* DateTimeTableViewCell.swift in Sources */,
				F2FA7413269333E300EFFA65 /* CategoriesTableViewController.swift in Sources */,
				F27ACDBD269242E500AC0670 /* Task.swift in Sources */,
				F2D0C01F26915A04006B768F /* TasksTableViewController.swift in Sources */,
				F2D0C00726915834006B768F /* SceneDelegate.swift in Sources */,
				F22F5DB226937F9800991DB6 /* TaskRepository.swift in Sources */,
				F2FA74162693350D00EFFA65 /* CategoryRepository.swift in Sources */,
				F27ACDBF269244EB00AC0670 /* Category.swift in Sources */,
				F2ACB1EA26924E0B00157BE8 /* TasksTableViewCell.swift in Sources */,
			);
			runOnlyForDeploymentPostprocessing = 0;
		};
/* End PBXSourcesBuildPhase section */

/* Begin PBXVariantGroup section */
		F2D0C00A26915834006B768F /* Main.storyboard */ = {
			isa = PBXVariantGroup;
			children = (
				F2D0C00B26915834006B768F /* Base */,
			);
			name = Main.storyboard;
			sourceTree = "<group>";
		};
		F2D0C0122691583C006B768F /* LaunchScreen.storyboard */ = {
			isa = PBXVariantGroup;
			children = (
				F2D0C0132691583C006B768F /* Base */,
			);
			name = LaunchScreen.storyboard;
			sourceTree = "<group>";
		};
/* End PBXVariantGroup section */

/* Begin XCBuildConfiguration section */
		F2D0C0162691583C006B768F /* Debug */ = {
			isa = XCBuildConfiguration;
			buildSettings = {
				ALWAYS_SEARCH_USER_PATHS = NO;
				CLANG_ANALYZER_NONNULL = YES;
				CLANG_ANALYZER_NUMBER_OBJECT_CONVERSION = YES_AGGRESSIVE;
				CLANG_CXX_LANGUAGE_STANDARD = "gnu++14";
				CLANG_CXX_LIBRARY = "libc++";
				CLANG_ENABLE_MODULES = YES;
				CLANG_ENABLE_OBJC_ARC = YES;
				CLANG_ENABLE_OBJC_WEAK = YES;
				CLANG_WARN_BLOCK_CAPTURE_AUTORELEASING = YES;
				CLANG_WARN_BOOL_CONVERSION = YES;
				CLANG_WARN_COMMA = YES;
				CLANG_WARN_CONSTANT_CONVERSION = YES;
				CLANG_WARN_DEPRECATED_OBJC_IMPLEMENTATIONS = YES;
				CLANG_WARN_DIRECT_OBJC_ISA_USAGE = YES_ERROR;
				CLANG_WARN_DOCUMENTATION_COMMENTS = YES;
				CLANG_WARN_EMPTY_BODY = YES;
				CLANG_WARN_ENUM_CONVERSION = YES;
				CLANG_WARN_INFINITE_RECURSION = YES;
				CLANG_WARN_INT_CONVERSION = YES;
				CLANG_WARN_NON_LITERAL_NULL_CONVERSION = YES;
				CLANG_WARN_OBJC_IMPLICIT_RETAIN_SELF = YES;
				CLANG_WARN_OBJC_LITERAL_CONVERSION = YES;
				CLANG_WARN_OBJC_ROOT_CLASS = YES_ERROR;
				CLANG_WARN_QUOTED_INCLUDE_IN_FRAMEWORK_HEADER = YES;
				CLANG_WARN_RANGE_LOOP_ANALYSIS = YES;
				CLANG_WARN_STRICT_PROTOTYPES = YES;
				CLANG_WARN_SUSPICIOUS_MOVE = YES;
				CLANG_WARN_UNGUARDED_AVAILABILITY = YES_AGGRESSIVE;
				CLANG_WARN_UNREACHABLE_CODE = YES;
				CLANG_WARN__DUPLICATE_METHOD_MATCH = YES;
				COPY_PHASE_STRIP = NO;
				DEBUG_INFORMATION_FORMAT = dwarf;
				ENABLE_STRICT_OBJC_MSGSEND = YES;
				ENABLE_TESTABILITY = YES;
				GCC_C_LANGUAGE_STANDARD = gnu11;
				GCC_DYNAMIC_NO_PIC = NO;
				GCC_NO_COMMON_BLOCKS = YES;
				GCC_OPTIMIZATION_LEVEL = 0;
				GCC_PREPROCESSOR_DEFINITIONS = (
					"DEBUG=1",
					"$(inherited)",
				);
				GCC_WARN_64_TO_32_BIT_CONVERSION = YES;
				GCC_WARN_ABOUT_RETURN_TYPE = YES_ERROR;
				GCC_WARN_UNDECLARED_SELECTOR = YES;
				GCC_WARN_UNINITIALIZED_AUTOS = YES_AGGRESSIVE;
				GCC_WARN_UNUSED_FUNCTION = YES;
				GCC_WARN_UNUSED_VARIABLE = YES;
				IPHONEOS_DEPLOYMENT_TARGET = 14.5;
				MTL_ENABLE_DEBUG_INFO = INCLUDE_SOURCE;
				MTL_FAST_MATH = YES;
				ONLY_ACTIVE_ARCH = YES;
				SDKROOT = iphoneos;
				SWIFT_ACTIVE_COMPILATION_CONDITIONS = DEBUG;
				SWIFT_OPTIMIZATION_LEVEL = "-Onone";
			};
			name = Debug;
		};
		F2D0C0172691583C006B768F /* Release */ = {
			isa = XCBuildConfiguration;
			buildSettings = {
				ALWAYS_SEARCH_USER_PATHS = NO;
				CLANG_ANALYZER_NONNULL = YES;
				CLANG_ANALYZER_NUMBER_OBJECT_CONVERSION = YES_AGGRESSIVE;
				CLANG_CXX_LANGUAGE_STANDARD = "gnu++14";
				CLANG_CXX_LIBRARY = "libc++";
				CLANG_ENABLE_MODULES = YES;
				CLANG_ENABLE_OBJC_ARC = YES;
				CLANG_ENABLE_OBJC_WEAK = YES;
				CLANG_WARN_BLOCK_CAPTURE_AUTORELEASING = YES;
				CLANG_WARN_BOOL_CONVERSION = YES;
				CLANG_WARN_COMMA = YES;
				CLANG_WARN_CONSTANT_CONVERSION = YES;
				CLANG_WARN_DEPRECATED_OBJC_IMPLEMENTATIONS = YES;
				CLANG_WARN_DIRECT_OBJC_ISA_USAGE = YES_ERROR;
				CLANG_WARN_DOCUMENTATION_COMMENTS = YES;
				CLANG_WARN_EMPTY_BODY = YES;
				CLANG_WARN_ENUM_CONVERSION = YES;
				CLANG_WARN_INFINITE_RECURSION = YES;
				CLANG_WARN_INT_CONVERSION = YES;
				CLANG_WARN_NON_LITERAL_NULL_CONVERSION = YES;
				CLANG_WARN_OBJC_IMPLICIT_RETAIN_SELF = YES;
				CLANG_WARN_OBJC_LITERAL_CONVERSION = YES;
				CLANG_WARN_OBJC_ROOT_CLASS = YES_ERROR;
				CLANG_WARN_QUOTED_INCLUDE_IN_FRAMEWORK_HEADER = YES;
				CLANG_WARN_RANGE_LOOP_ANALYSIS = YES;
				CLANG_WARN_STRICT_PROTOTYPES = YES;
				CLANG_WARN_SUSPICIOUS_MOVE = YES;
				CLANG_WARN_UNGUARDED_AVAILABILITY = YES_AGGRESSIVE;
				CLANG_WARN_UNREACHABLE_CODE = YES;
				CLANG_WARN__DUPLICATE_METHOD_MATCH = YES;
				COPY_PHASE_STRIP = NO;
				DEBUG_INFORMATION_FORMAT = "dwarf-with-dsym";
				ENABLE_NS_ASSERTIONS = NO;
				ENABLE_STRICT_OBJC_MSGSEND = YES;
				GCC_C_LANGUAGE_STANDARD = gnu11;
				GCC_NO_COMMON_BLOCKS = YES;
				GCC_WARN_64_TO_32_BIT_CONVERSION = YES;
				GCC_WARN_ABOUT_RETURN_TYPE = YES_ERROR;
				GCC_WARN_UNDECLARED_SELECTOR = YES;
				GCC_WARN_UNINITIALIZED_AUTOS = YES_AGGRESSIVE;
				GCC_WARN_UNUSED_FUNCTION = YES;
				GCC_WARN_UNUSED_VARIABLE = YES;
				IPHONEOS_DEPLOYMENT_TARGET = 14.5;
				MTL_ENABLE_DEBUG_INFO = NO;
				MTL_FAST_MATH = YES;
				SDKROOT = iphoneos;
				SWIFT_COMPILATION_MODE = wholemodule;
				SWIFT_OPTIMIZATION_LEVEL = "-O";
				VALIDATE_PRODUCT = YES;
			};
			name = Release;
		};
		F2D0C0192691583C006B768F /* Debug */ = {
			isa = XCBuildConfiguration;
			buildSettings = {
				ASSETCATALOG_COMPILER_APPICON_NAME = AppIcon;
				ASSETCATALOG_COMPILER_GLOBAL_ACCENT_COLOR_NAME = AccentColor;
				CODE_SIGN_STYLE = Automatic;
				INFOPLIST_FILE = InnovationAgenda/Info.plist;
				LD_RUNPATH_SEARCH_PATHS = (
					"$(inherited)",
					"@executable_path/Frameworks",
				);
				PRODUCT_BUNDLE_IDENTIFIER = AndreYamasaki.InnovationAgenda;
				PRODUCT_NAME = "$(TARGET_NAME)";
				SWIFT_VERSION = 5.0;
				TARGETED_DEVICE_FAMILY = "1,2";
			};
			name = Debug;
		};
		F2D0C01A2691583C006B768F /* Release */ = {
			isa = XCBuildConfiguration;
			buildSettings = {
				ASSETCATALOG_COMPILER_APPICON_NAME = AppIcon;
				ASSETCATALOG_COMPILER_GLOBAL_ACCENT_COLOR_NAME = AccentColor;
				CODE_SIGN_STYLE = Automatic;
				INFOPLIST_FILE = InnovationAgenda/Info.plist;
				LD_RUNPATH_SEARCH_PATHS = (
					"$(inherited)",
					"@executable_path/Frameworks",
				);
				PRODUCT_BUNDLE_IDENTIFIER = AndreYamasaki.InnovationAgenda;
				PRODUCT_NAME = "$(TARGET_NAME)";
				SWIFT_VERSION = 5.0;
				TARGETED_DEVICE_FAMILY = "1,2";
			};
			name = Release;
		};
/* End XCBuildConfiguration section */

/* Begin XCConfigurationList section */
		F2D0BFFC26915834006B768F /* Build configuration list for PBXProject "InnovationAgenda" */ = {
			isa = XCConfigurationList;
			buildConfigurations = (
				F2D0C0162691583C006B768F /* Debug */,
				F2D0C0172691583C006B768F /* Release */,
			);
			defaultConfigurationIsVisible = 0;
			defaultConfigurationName = Release;
		};
		F2D0C0182691583C006B768F /* Build configuration list for PBXNativeTarget "InnovationAgenda" */ = {
			isa = XCConfigurationList;
			buildConfigurations = (
				F2D0C0192691583C006B768F /* Debug */,
				F2D0C01A2691583C006B768F /* Release */,
			);
			defaultConfigurationIsVisible = 0;
			defaultConfigurationName = Release;
		};
/* End XCConfigurationList section */

/* Begin XCVersionGroup section */
		F2D0C00D26915834006B768F /* InnovationAgenda.xcdatamodeld */ = {
			isa = XCVersionGroup;
			children = (
				F2D0C00E26915834006B768F /* InnovationAgenda.xcdatamodel */,
			);
			currentVersion = F2D0C00E26915834006B768F /* InnovationAgenda.xcdatamodel */;
			path = InnovationAgenda.xcdatamodeld;
			sourceTree = "<group>";
			versionGroupType = wrapper.xcdatamodel;
		};
/* End XCVersionGroup section */
	};
	rootObject = F2D0BFF926915834006B768F /* Project object */;
}
